%{
  "bandit": {:hex, :bandit, "1.6.0", "9cb6c67c27cecab2d0c93968cb957fa8decccb7275193c8bf33f97397b3ac25d", [:mix], [{:hpax, "~> 1.0", [hex: :hpax, repo: "hexpm", optional: false]}, {:plug, "~> 1.14", [hex: :plug, repo: "hexpm", optional: false]}, {:telemetry, "~> 0.4 or ~> 1.0", [hex: :telemetry, repo: "hexpm", optional: false]}, {:thousand_island, "~> 1.0", [hex: :thousand_island, repo: "hexpm", optional: false]}, {:websock, "~> 0.5", [hex: :websock, repo: "hexpm", optional: false]}], "hexpm", "fd2491e564a7c5e11ff8496ebf530c342c742452c59de17ac0fb1f814a0ab01a"},
  "bimap": {:hex, :bimap, "1.3.0", "3ea4832e58dc83a9b5b407c6731e7bae87458aa618e6d11d8e12114a17afa4b3", [:mix], [], "hexpm", "bf5a2b078528465aa705f405a5c638becd63e41d280ada41e0f77e6d255a10b4"},
  "bunch": {:hex, :bunch, "1.6.1", "5393d827a64d5f846092703441ea50e65bc09f37fd8e320878f13e63d410aec7", [:mix], [], "hexpm", "286cc3add551628b30605efbe2fca4e38cc1bea89bcd0a1a7226920b3364fe4a"},
  "bunch_native": {:hex, :bunch_native, "0.5.0", "8ac1536789a597599c10b652e0b526d8833348c19e4739a0759a2bedfd924e63", [:mix], [{:bundlex, "~> 1.0", [hex: :bundlex, repo: "hexpm", optional: false]}], "hexpm", "24190c760e32b23b36edeb2dc4852515c7c5b3b8675b1a864e0715bdd1c8f80d"},
  "bundlex": {:hex, :bundlex, "1.5.3", "35d01e5bc0679510dd9a327936ffb518f63f47175c26a35e708cc29eaec0890b", [:mix], [{:bunch, "~> 1.0", [hex: :bunch, repo: "hexpm", optional: false]}, {:elixir_uuid, "~> 1.2", [hex: :elixir_uuid, repo: "hexpm", optional: false]}, {:qex, "~> 0.5", [hex: :qex, repo: "hexpm", optional: false]}, {:req, ">= 0.4.0", [hex: :req, repo: "hexpm", optional: false]}, {:zarex, "~> 1.0", [hex: :zarex, repo: "hexpm", optional: false]}], "hexpm", "debd0eac151b404f6216fc60222761dff049bf26f7d24d066c365317650cd118"},
  "bunt": {:hex, :bunt, "1.0.0", "081c2c665f086849e6d57900292b3a161727ab40431219529f13c4ddcf3e7a44", [:mix], [], "hexpm", "dc5f86aa08a5f6fa6b8096f0735c4e76d54ae5c9fa2c143e5a1fc7c1cd9bb6b5"},
  "burrito": {:hex, :burrito, "1.2.0", "88f973469edcb96bd984498fb639d3fc4dbf01b52baab072b40229f03a396789", [:mix], [{:jason, "~> 1.2", [hex: :jason, repo: "hexpm", optional: false]}, {:req, ">= 0.4.0", [hex: :req, repo: "hexpm", optional: false]}, {:typed_struct, "~> 0.2.0 or ~> 0.3.0", [hex: :typed_struct, repo: "hexpm", optional: false]}], "hexpm", "7e22158023c6558de615795ab135d27f0cbd9a0602834e3e474fe41b448afba9"},
  "castore": {:hex, :castore, "1.0.10", "43bbeeac820f16c89f79721af1b3e092399b3a1ecc8df1a472738fd853574911", [:mix], [], "hexpm", "1b0b7ea14d889d9ea21202c43a4fa015eb913021cb535e8ed91946f4b77a8848"},
  "cc_precompiler": {:hex, :cc_precompiler, "0.1.10", "47c9c08d8869cf09b41da36538f62bc1abd3e19e41701c2cea2675b53c704258", [:mix], [{:elixir_make, "~> 0.7", [hex: :elixir_make, repo: "hexpm", optional: false]}], "hexpm", "f6e046254e53cd6b41c6bacd70ae728011aa82b2742a80d6e2214855c6e06b22"},
  "certifi": {:hex, :certifi, "2.12.0", "2d1cca2ec95f59643862af91f001478c9863c2ac9cb6e2f89780bfd8de987329", [:rebar3], [], "hexpm", "ee68d85df22e554040cdb4be100f33873ac6051387baf6a8f6ce82272340ff1c"},
  "coerce": {:hex, :coerce, "1.0.1", "211c27386315dc2894ac11bc1f413a0e38505d808153367bd5c6e75a4003d096", [:mix], [], "hexpm", "b44a691700f7a1a15b4b7e2ff1fa30bebd669929ac8aa43cffe9e2f8bf051cf1"},
  "corsica": {:hex, :corsica, "2.1.3", "dccd094ffce38178acead9ae743180cdaffa388f35f0461ba1e8151d32e190e6", [:mix], [{:plug, "~> 1.0", [hex: :plug, repo: "hexpm", optional: false]}, {:telemetry, "~> 0.4.0 or ~> 1.0", [hex: :telemetry, repo: "hexpm", optional: false]}], "hexpm", "616c08f61a345780c2cf662ff226816f04d8868e12054e68963e95285b5be8bc"},
  "crc": {:hex, :crc, "0.10.5", "ee12a7c056ac498ef2ea985ecdc9fa53c1bfb4e53a484d9f17ff94803707dfd8", [:mix, :rebar3], [{:elixir_make, "~> 0.6", [hex: :elixir_make, repo: "hexpm", optional: false]}], "hexpm", "3e673b6495a9525c5c641585af1accba59a1eb33de697bedf341e247012c2c7f"},
  "credo": {:hex, :credo, "1.7.10", "6e64fe59be8da5e30a1b96273b247b5cf1cc9e336b5fd66302a64b25749ad44d", [:mix], [{:bunt, "~> 0.2.1 or ~> 1.0", [hex: :bunt, repo: "hexpm", optional: false]}, {:file_system, "~> 0.2 or ~> 1.0", [hex: :file_system, repo: "hexpm", optional: false]}, {:jason, "~> 1.0", [hex: :jason, repo: "hexpm", optional: false]}], "hexpm", "71fbc9a6b8be21d993deca85bf151df023a3097b01e09a2809d460348561d8cd"},
  "dialyxir": {:hex, :dialyxir, "1.4.5", "ca1571ac18e0f88d4ab245f0b60fa31ff1b12cbae2b11bd25d207f865e8ae78a", [:mix], [{:erlex, ">= 0.2.7", [hex: :erlex, repo: "hexpm", optional: false]}], "hexpm", "b0fb08bb8107c750db5c0b324fa2df5ceaa0f9307690ee3c1f6ba5b9eb5d35c3"},
  "earmark_parser": {:hex, :earmark_parser, "1.4.41", "ab34711c9dc6212dda44fcd20ecb87ac3f3fce6f0ca2f28d4a00e4154f8cd599", [:mix], [], "hexpm", "a81a04c7e34b6617c2792e291b5a2e57ab316365c2644ddc553bb9ed863ebefa"},
  "elixir_make": {:hex, :elixir_make, "0.9.0", "6484b3cd8c0cee58f09f05ecaf1a140a8c97670671a6a0e7ab4dc326c3109726", [:mix], [], "hexpm", "db23d4fd8b757462ad02f8aa73431a426fe6671c80b200d9710caf3d1dd0ffdb"},
  "elixir_uuid": {:hex, :elixir_uuid, "1.2.1", "dce506597acb7e6b0daeaff52ff6a9043f5919a4c3315abb4143f0b00378c097", [:mix], [], "hexpm", "f7eba2ea6c3555cea09706492716b0d87397b88946e6380898c2889d68585752"},
  "erlex": {:hex, :erlex, "0.2.7", "810e8725f96ab74d17aac676e748627a07bc87eb950d2b83acd29dc047a30595", [:mix], [], "hexpm", "3ed95f79d1a844c3f6bf0cea61e0d5612a42ce56da9c03f01df538685365efb0"},
  "ex_doc": {:hex, :ex_doc, "0.35.1", "de804c590d3df2d9d5b8aec77d758b00c814b356119b3d4455e4b8a8687aecaf", [:mix], [{:earmark_parser, "~> 1.4.39", [hex: :earmark_parser, repo: "hexpm", optional: false]}, {:makeup_c, ">= 0.1.0", [hex: :makeup_c, repo: "hexpm", optional: true]}, {:makeup_elixir, "~> 0.14 or ~> 1.0", [hex: :makeup_elixir, repo: "hexpm", optional: false]}, {:makeup_erlang, "~> 0.1 or ~> 1.0", [hex: :makeup_erlang, repo: "hexpm", optional: false]}, {:makeup_html, ">= 0.1.0", [hex: :makeup_html, repo: "hexpm", optional: true]}], "hexpm", "2121c6402c8d44b05622677b761371a759143b958c6c19f6558ff64d0aed40df"},
  "ex_dtls": {:hex, :ex_dtls, "0.15.2", "6c8c0f8eb67525216551bd3e0322ab33c9d851d56ef3e065efab4fd277a8fbb9", [:mix], [{:unifex, "~> 1.0", [hex: :unifex, repo: "hexpm", optional: false]}], "hexpm", "6b852bc926bbdc9c1b9c4ecc6cfc73a89d4e106042802cefea2c1503072a9f2a"},
  "ex_ice": {:hex, :ex_ice, "0.8.3", "b3a56d8cc44555705dc33ce0942d0ce3fe9fa3132a1f1bfe79b4c5b91ed1562b", [:mix], [{:elixir_uuid, "~> 1.0", [hex: :elixir_uuid, repo: "hexpm", optional: false]}, {:ex_stun, "~> 0.2.0", [hex: :ex_stun, repo: "hexpm", optional: false]}, {:ex_turn, "~> 0.1.0", [hex: :ex_turn, repo: "hexpm", optional: false]}], "hexpm", "ffc17fa8f1bfb6e744eeb7e1009f3dd2e37dfd745ec808c66faeafb93ab0e036"},
  "ex_libsrtp": {:hex, :ex_libsrtp, "0.7.2", "211bd89c08026943ce71f3e2c0231795b99cee748808ed3ae7b97cd8d2450b6b", [:mix], [{:bunch, "~> 1.6", [hex: :bunch, repo: "hexpm", optional: false]}, {:bundlex, "~> 1.3", [hex: :bundlex, repo: "hexpm", optional: false]}, {:membrane_precompiled_dependency_provider, "~> 0.1.0", [hex: :membrane_precompiled_dependency_provider, repo: "hexpm", optional: false]}, {:unifex, "~> 1.1", [hex: :unifex, repo: "hexpm", optional: false]}], "hexpm", "2e20645d0d739a4ecdcf8d4810a0c198120c8a2f617f2b75b2e2e704d59f492a"},
  "ex_rtcp": {:hex, :ex_rtcp, "0.4.0", "f9e515462a9581798ff6413583a25174cfd2101c94a2ebee871cca7639886f0a", [:mix], [], "hexpm", "28956602cf210d692fcdaf3f60ca49681634e1deb28ace41246aee61ee22dc3b"},
  "ex_rtp": {:hex, :ex_rtp, "0.4.0", "1f1b5c1440a904706011e3afbb41741f5da309ce251cb986690ce9fd82636658", [:mix], [], "hexpm", "0f72d80d5953a62057270040f0f1ee6f955c08eeae82ac659c038001d7d5a790"},
  "ex_sdp": {:hex, :ex_sdp, "1.1.0", "a93d72d00704efd83f7e144e4ca9822ca4aea5b5d851353d092de40e1ad0ecdc", [:mix], [{:bunch, "~> 1.3", [hex: :bunch, repo: "hexpm", optional: false]}, {:elixir_uuid, "~> 1.2", [hex: :elixir_uuid, repo: "hexpm", optional: false]}], "hexpm", "f5c033abcda958a9b090210f9429f24b74b003c28c24175c58a033a5205a1cfe"},
  "ex_stun": {:hex, :ex_stun, "0.2.0", "feb1fc7db0356406655b2a617805e6c712b93308c8ea2bf0ba1197b1f0866deb", [:mix], [], "hexpm", "1e01ba8290082ccbf37acaa5190d1f69b51edd6de2026a8d6d51368b29d115d0"},
  "ex_turn": {:hex, :ex_turn, "0.1.0", "177405aadf3d754567d0d37cf881a83f9cacf8f45314d188633b04c4a9e7c1ec", [:mix], [{:ex_stun, "~> 0.2.0", [hex: :ex_stun, repo: "hexpm", optional: false]}], "hexpm", "d677737fb7d45274d5dac19fe3c26b9038b6effbc0a6b3e7417bccc76b6d1cd3"},
  "ex_webrtc": {:hex, :ex_webrtc, "0.4.1", "834054e38630f91a1c62e5d77ecf3394c0be64e9fd94be45e3021ea53baef6f9", [:mix], [{:crc, "~> 0.10", [hex: :crc, repo: "hexpm", optional: false]}, {:ex_dtls, "~> 0.15.0", [hex: :ex_dtls, repo: "hexpm", optional: false]}, {:ex_ice, "~> 0.8.0", [hex: :ex_ice, repo: "hexpm", optional: false]}, {:ex_libsrtp, "~> 0.7.1", [hex: :ex_libsrtp, repo: "hexpm", optional: false]}, {:ex_rtcp, "~> 0.4.0", [hex: :ex_rtcp, repo: "hexpm", optional: false]}, {:ex_rtp, "~> 0.4.0", [hex: :ex_rtp, repo: "hexpm", optional: false]}, {:ex_sdp, "~> 1.0", [hex: :ex_sdp, repo: "hexpm", optional: false]}], "hexpm", "be81984cf1624ccd1b50fa257558829db967764786e47ecc3da0cacbdcf1448d"},
  "file_system": {:hex, :file_system, "1.0.1", "79e8ceaddb0416f8b8cd02a0127bdbababe7bf4a23d2a395b983c1f8b3f73edd", [:mix], [], "hexpm", "4414d1f38863ddf9120720cd976fce5bdde8e91d8283353f0e31850fa89feb9e"},
  "finch": {:hex, :finch, "0.19.0", "c644641491ea854fc5c1bbaef36bfc764e3f08e7185e1f084e35e0672241b76d", [:mix], [{:mime, "~> 1.0 or ~> 2.0", [hex: :mime, repo: "hexpm", optional: false]}, {:mint, "~> 1.6.2 or ~> 1.7", [hex: :mint, repo: "hexpm", optional: false]}, {:nimble_options, "~> 0.4 or ~> 1.0", [hex: :nimble_options, repo: "hexpm", optional: false]}, {:nimble_pool, "~> 1.1", [hex: :nimble_pool, repo: "hexpm", optional: false]}, {:telemetry, "~> 0.4 or ~> 1.0", [hex: :telemetry, repo: "hexpm", optional: false]}], "hexpm", "fc5324ce209125d1e2fa0fcd2634601c52a787aff1cd33ee833664a5af4ea2b6"},
  "hackney": {:hex, :hackney, "1.20.1", "8d97aec62ddddd757d128bfd1df6c5861093419f8f7a4223823537bad5d064e2", [:rebar3], [{:certifi, "~> 2.12.0", [hex: :certifi, repo: "hexpm", optional: false]}, {:idna, "~> 6.1.0", [hex: :idna, repo: "hexpm", optional: false]}, {:metrics, "~> 1.0.0", [hex: :metrics, repo: "hexpm", optional: false]}, {:mimerl, "~> 1.1", [hex: :mimerl, repo: "hexpm", optional: false]}, {:parse_trans, "3.4.1", [hex: :parse_trans, repo: "hexpm", optional: false]}, {:ssl_verify_fun, "~> 1.1.0", [hex: :ssl_verify_fun, repo: "hexpm", optional: false]}, {:unicode_util_compat, "~> 0.7.0", [hex: :unicode_util_compat, repo: "hexpm", optional: false]}], "hexpm", "fe9094e5f1a2a2c0a7d10918fee36bfec0ec2a979994cff8cfe8058cd9af38e3"},
  "heap": {:hex, :heap, "2.0.2", "d98cb178286cfeb5edbcf17785e2d20af73ca57b5a2cf4af584118afbcf917eb", [:mix], [], "hexpm", "ba9ea2fe99eb4bcbd9a8a28eaf71cbcac449ca1d8e71731596aace9028c9d429"},
  "hpax": {:hex, :hpax, "1.0.0", "28dcf54509fe2152a3d040e4e3df5b265dcb6cb532029ecbacf4ce52caea3fd2", [:mix], [], "hexpm", "7f1314731d711e2ca5fdc7fd361296593fc2542570b3105595bb0bc6d0fad601"},
  "idna": {:hex, :idna, "6.1.1", "8a63070e9f7d0c62eb9d9fcb360a7de382448200fbbd1b106cc96d3d8099df8d", [:rebar3], [{:unicode_util_compat, "~> 0.7.0", [hex: :unicode_util_compat, repo: "hexpm", optional: false]}], "hexpm", "92376eb7894412ed19ac475e4a86f7b413c1b9fbb5bd16dccd57934157944cea"},
  "image": {:hex, :image, "0.54.4", "332cd64ca47938447dffee97b05a5e4203f2a45e8918537ab0fb971fa3c9debb", [:mix], [{:bumblebee, "~> 0.3", [hex: :bumblebee, repo: "hexpm", optional: true]}, {:evision, "~> 0.1.33 or ~> 0.2", [hex: :evision, repo: "hexpm", optional: true]}, {:exla, "~> 0.5", [hex: :exla, repo: "hexpm", optional: true]}, {:jason, "~> 1.4", [hex: :jason, repo: "hexpm", optional: true]}, {:kino, "~> 0.13", [hex: :kino, repo: "hexpm", optional: true]}, {:nx, "~> 0.7", [hex: :nx, repo: "hexpm", optional: true]}, {:nx_image, "~> 0.1", [hex: :nx_image, repo: "hexpm", optional: true]}, {:phoenix_html, "~> 2.1 or ~> 3.2 or ~> 4.0", [hex: :phoenix_html, repo: "hexpm", optional: false]}, {:plug, "~> 1.13", [hex: :plug, repo: "hexpm", optional: true]}, {:req, "~> 0.4", [hex: :req, repo: "hexpm", optional: true]}, {:rustler, "> 0.0.0", [hex: :rustler, repo: "hexpm", optional: true]}, {:scholar, "~> 0.3", [hex: :scholar, repo: "hexpm", optional: true]}, {:sweet_xml, "~> 0.7", [hex: :sweet_xml, repo: "hexpm", optional: false]}, {:vix, "~> 0.23", [hex: :vix, repo: "hexpm", optional: false]}], "hexpm", "4d66ee976c30ec181a54b99791354a4ae990521d64811cb2daed39c4cd95860b"},
  "jason": {:hex, :jason, "1.4.4", "b9226785a9aa77b6857ca22832cffa5d5011a667207eb2a0ad56adb5db443b8a", [:mix], [{:decimal, "~> 1.0 or ~> 2.0", [hex: :decimal, repo: "hexpm", optional: true]}], "hexpm", "c5eb0cab91f094599f94d55bc63409236a8ec69a21a67814529e8d5f6cc90b3b"},
  "logger_backends": {:hex, :logger_backends, "1.0.0", "09c4fad6202e08cb0fbd37f328282f16539aca380f512523ce9472b28edc6bdf", [:mix], [], "hexpm", "1faceb3e7ec3ef66a8f5746c5afd020e63996df6fd4eb8cdb789e5665ae6c9ce"},
  "makeup": {:hex, :makeup, "1.2.1", "e90ac1c65589ef354378def3ba19d401e739ee7ee06fb47f94c687016e3713d1", [:mix], [{:nimble_parsec, "~> 1.4", [hex: :nimble_parsec, repo: "hexpm", optional: false]}], "hexpm", "d36484867b0bae0fea568d10131197a4c2e47056a6fbe84922bf6ba71c8d17ce"},
  "makeup_elixir": {:hex, :makeup_elixir, "1.0.0", "74bb8348c9b3a51d5c589bf5aebb0466a84b33274150e3b6ece1da45584afc82", [:mix], [{:makeup, "~> 1.0", [hex: :makeup, repo: "hexpm", optional: false]}, {:nimble_parsec, "~> 1.2.3 or ~> 1.3", [hex: :nimble_parsec, repo: "hexpm", optional: false]}], "hexpm", "49159b7d7d999e836bedaf09dcf35ca18b312230cf901b725a64f3f42e407983"},
  "makeup_erlang": {:hex, :makeup_erlang, "1.0.1", "c7f58c120b2b5aa5fd80d540a89fdf866ed42f1f3994e4fe189abebeab610839", [:mix], [{:makeup, "~> 1.0", [hex: :makeup, repo: "hexpm", optional: false]}], "hexpm", "8a89a1eeccc2d798d6ea15496a6e4870b75e014d1af514b1b71fa33134f57814"},
  "membrane_aac_fdk_plugin": {:hex, :membrane_aac_fdk_plugin, "0.18.10", "e181669f8a63b5298d5243d3f548e0e804bd050335b42a322dd5553949e5315e", [:mix], [{:bunch, "~> 1.4", [hex: :bunch, repo: "hexpm", optional: false]}, {:bundlex, "~> 1.3", [hex: :bundlex, repo: "hexpm", optional: false]}, {:membrane_aac_format, "~> 0.8.0", [hex: :membrane_aac_format, repo: "hexpm", optional: false]}, {:membrane_common_c, "~> 0.16.0", [hex: :membrane_common_c, repo: "hexpm", optional: false]}, {:membrane_core, "~> 1.0", [hex: :membrane_core, repo: "hexpm", optional: false]}, {:membrane_precompiled_dependency_provider, "~> 0.1.0", [hex: :membrane_precompiled_dependency_provider, repo: "hexpm", optional: false]}, {:membrane_raw_audio_format, "~> 0.12.0", [hex: :membrane_raw_audio_format, repo: "hexpm", optional: false]}, {:unifex, "~> 1.1", [hex: :unifex, repo: "hexpm", optional: false]}], "hexpm", "617f60e8da82306d2653e268d53a343278e8f9b5a464bade804c3f255359ad0c"},
  "membrane_aac_format": {:hex, :membrane_aac_format, "0.8.0", "515631eabd6e584e0e9af2cea80471fee6246484dbbefc4726c1d93ece8e0838", [:mix], [{:bimap, "~> 1.1", [hex: :bimap, repo: "hexpm", optional: false]}], "hexpm", "a30176a94491033ed32be45e51d509fc70a5ee6e751f12fd6c0d60bd637013f6"},
  "membrane_aac_plugin": {:hex, :membrane_aac_plugin, "0.19.0", "58a15efaaa4f2cc91b968464cfd269244e035efdd983aac2e3ddeb176fcf0585", [:mix], [{:bunch, "~> 1.0", [hex: :bunch, repo: "hexpm", optional: false]}, {:membrane_aac_format, "~> 0.8.0", [hex: :membrane_aac_format, repo: "hexpm", optional: false]}, {:membrane_core, "~> 1.0", [hex: :membrane_core, repo: "hexpm", optional: false]}], "hexpm", "eb7e786e650608ee205f4eebff4c1df3677e545acf09802458f77f64f9942fe9"},
  "membrane_cmaf_format": {:hex, :membrane_cmaf_format, "0.7.1", "9ea858faefdcb181cdfa8001be827c35c5f854e9809ad57d7062cff1f0f703fd", [:mix], [], "hexpm", "3c7b4ed2a986e27f6f336d2f19e9442cb31d93b3142fc024c019572faca54a73"},
  "membrane_common_c": {:hex, :membrane_common_c, "0.16.0", "caf3f29d2f5a1d32d8c2c122866110775866db2726e4272be58e66dfdf4bce40", [:mix], [{:membrane_core, "~> 1.0", [hex: :membrane_core, repo: "hexpm", optional: false]}, {:shmex, "~> 0.5.0", [hex: :shmex, repo: "hexpm", optional: false]}, {:unifex, "~> 1.0", [hex: :unifex, repo: "hexpm", optional: false]}], "hexpm", "a3c7e91de1ce1f8b23b9823188a5d13654d317235ea0ca781c05353ed3be9b1c"},
  "membrane_core": {:hex, :membrane_core, "1.1.2", "3ca206893e1d3739a24d5092d21c06fcb4db326733a1798f9788fc53abb74829", [:mix], [{:bunch, "~> 1.6", [hex: :bunch, repo: "hexpm", optional: false]}, {:qex, "~> 0.3", [hex: :qex, repo: "hexpm", optional: false]}, {:ratio, "~> 3.0 or ~> 4.0", [hex: :ratio, repo: "hexpm", optional: false]}, {:telemetry, "~> 1.0", [hex: :telemetry, repo: "hexpm", optional: false]}], "hexpm", "a989fd7e0516a7e66f5fb63950b1027315b7f8c8d82d8d685e178b0fb780901b"},
  "membrane_ffmpeg_swresample_plugin": {:hex, :membrane_ffmpeg_swresample_plugin, "0.20.2", "2e669f0b25418d10b51a73bc52d2e12e4a3a26b416c5c1199d852c3f781a18b3", [:mix], [{:bunch, "~> 1.6", [hex: :bunch, repo: "hexpm", optional: false]}, {:bundlex, "~> 1.2", [hex: :bundlex, repo: "hexpm", optional: false]}, {:membrane_common_c, "~> 0.16.0", [hex: :membrane_common_c, repo: "hexpm", optional: false]}, {:membrane_core, "~> 1.0", [hex: :membrane_core, repo: "hexpm", optional: false]}, {:membrane_precompiled_dependency_provider, "~> 0.1.0", [hex: :membrane_precompiled_dependency_provider, repo: "hexpm", optional: false]}, {:membrane_raw_audio_format, "~> 0.12.0", [hex: :membrane_raw_audio_format, repo: "hexpm", optional: false]}, {:mockery, "~> 2.1", [hex: :mockery, repo: "hexpm", optional: false]}, {:unifex, "~> 1.1", [hex: :unifex, repo: "hexpm", optional: false]}], "hexpm", "6c8d3bcd61d568dd94cabb9b45f29e8926e0076e4432d8f419378e004e02147c"},
  "membrane_ffmpeg_swscale_plugin": {:hex, :membrane_ffmpeg_swscale_plugin, "0.16.2", "581909312d6d12ed560ee99caa1b1674a339760ab2ad6835d243326806c23da1", [:mix], [{:bundlex, "~> 1.2", [hex: :bundlex, repo: "hexpm", optional: false]}, {:membrane_common_c, "~> 0.16.0", [hex: :membrane_common_c, repo: "hexpm", optional: false]}, {:membrane_core, "~> 1.1", [hex: :membrane_core, repo: "hexpm", optional: false]}, {:membrane_precompiled_dependency_provider, "~> 0.1.0", [hex: :membrane_precompiled_dependency_provider, repo: "hexpm", optional: false]}, {:membrane_raw_video_format, "~> 0.4.1", [hex: :membrane_raw_video_format, repo: "hexpm", optional: false]}], "hexpm", "46c185dacff1e1b404d0ceb74d0d5224f0931fe1e8b951cc3776ebd099e39afc"},
  "membrane_file_plugin": {:hex, :membrane_file_plugin, "0.17.2", "650e134c2345d946f930082fac8bac9f5aba785a7817d38a9a9da41ffc56fa92", [:mix], [{:logger_backends, "~> 1.0", [hex: :logger_backends, repo: "hexpm", optional: false]}, {:membrane_core, "~> 1.0", [hex: :membrane_core, repo: "hexpm", optional: false]}], "hexpm", "df50c6040004cd7b901cf057bd7e99c875bbbd6ae574efc93b2c753c96f43b9d"},
  "membrane_flv_plugin": {:hex, :membrane_flv_plugin, "0.12.0", "d715ad405af86dcaf4b2f479e34088e1f6738c7280366828e1066b39d2aa493a", [:mix], [{:membrane_aac_format, "~> 0.8.0", [hex: :membrane_aac_format, repo: "hexpm", optional: false]}, {:membrane_core, "~> 1.0", [hex: :membrane_core, repo: "hexpm", optional: false]}, {:membrane_h264_format, "~> 0.6.1", [hex: :membrane_h264_format, repo: "hexpm", optional: false]}], "hexpm", "a317872d6d394e550c7bfd8979f12a3a1cc1e89b547d75360321025b403d3279"},
  "membrane_funnel_plugin": {:hex, :membrane_funnel_plugin, "0.9.1", "9e108f4ef9d905ebff2da3ba5e58a5b756b58812f4fa68bd576add68fda310a0", [:mix], [{:membrane_core, "~> 1.0", [hex: :membrane_core, repo: "hexpm", optional: false]}], "hexpm", "39fdef1bf29eac949f65a37ea941f997c22ed042c55af044d27a781b63e82f6b"},
  "membrane_h264_ffmpeg_plugin": {:hex, :membrane_h264_ffmpeg_plugin, "0.32.4", "5548a37642125d37b9ae4df26d59ef5397781b84101b7b60fe8b4fdb70dc536d", [:mix], [{:bunch, "~> 1.6", [hex: :bunch, repo: "hexpm", optional: false]}, {:bundlex, "~> 1.3", [hex: :bundlex, repo: "hexpm", optional: false]}, {:membrane_common_c, "~> 0.16.0", [hex: :membrane_common_c, repo: "hexpm", optional: false]}, {:membrane_core, "~> 1.0", [hex: :membrane_core, repo: "hexpm", optional: false]}, {:membrane_h264_format, "~> 0.6.1", [hex: :membrane_h264_format, repo: "hexpm", optional: false]}, {:membrane_precompiled_dependency_provider, "~> 0.1.0", [hex: :membrane_precompiled_dependency_provider, repo: "hexpm", optional: false]}, {:membrane_raw_video_format, "~> 0.4.1", [hex: :membrane_raw_video_format, repo: "hexpm", optional: false]}, {:unifex, "~> 1.1", [hex: :unifex, repo: "hexpm", optional: false]}], "hexpm", "6878c763b2f0e0fd1651e8cbac3707b3c58a51858acceca7ad0d1c1786f5e3ec"},
  "membrane_h264_format": {:hex, :membrane_h264_format, "0.6.1", "44836cd9de0abe989b146df1e114507787efc0cf0da2368f17a10c47b4e0738c", [:mix], [], "hexpm", "4b79be56465a876d2eac2c3af99e115374bbdc03eb1dea4f696ee9a8033cd4b0"},
  "membrane_h265_ffmpeg_plugin": {:hex, :membrane_h265_ffmpeg_plugin, "0.4.2", "6dcd932fc2c65a851ab7a44f3996cc9613163bdf23b00568c87c9c0754a64edf", [:mix], [{:bunch, "~> 1.6", [hex: :bunch, repo: "hexpm", optional: false]}, {:bundlex, "~> 1.3", [hex: :bundlex, repo: "hexpm", optional: false]}, {:membrane_core, "~> 1.1", [hex: :membrane_core, repo: "hexpm", optional: false]}, {:membrane_h265_format, "~> 0.2.0", [hex: :membrane_h265_format, repo: "hexpm", optional: false]}, {:membrane_precompiled_dependency_provider, "~> 0.1.1", [hex: :membrane_precompiled_dependency_provider, repo: "hexpm", optional: false]}, {:membrane_raw_video_format, "~> 0.4.1", [hex: :membrane_raw_video_format, repo: "hexpm", optional: false]}, {:unifex, "~> 1.1", [hex: :unifex, repo: "hexpm", optional: false]}], "hexpm", "d7eb02110a47a9c11f1432f95b775ba7ce5e962dbe8fc07b421bdd2ce5283b2d"},
  "membrane_h265_format": {:hex, :membrane_h265_format, "0.2.0", "1903c072cf7b0980c4d0c117ab61a2cd33e88782b696290de29570a7fab34819", [:mix], [], "hexpm", "6df418bdf242c0d9f7dbf2e5aea4c2d182e34ac9ad5a8b8cef2610c290002e83"},
  "membrane_h26x_plugin": {:hex, :membrane_h26x_plugin, "0.10.2", "caf2790d8c107df35f8d456b45f4e09fb9c56ce6c7669a3a03f7d59972e6ed82", [:mix], [{:bunch, "~> 1.4", [hex: :bunch, repo: "hexpm", optional: false]}, {:membrane_core, "~> 1.0", [hex: :membrane_core, repo: "hexpm", optional: false]}, {:membrane_h264_format, "~> 0.6.0", [hex: :membrane_h264_format, repo: "hexpm", optional: false]}, {:membrane_h265_format, "~> 0.2.0", [hex: :membrane_h265_format, repo: "hexpm", optional: false]}], "hexpm", "becf1ac4a589adecd850137ccd61a33058f686083a514a7e39fcd721bcf9fb2e"},
  "membrane_hackney_plugin": {:hex, :membrane_hackney_plugin, "0.11.0", "54b368333a23394e7cac2f4d6b701bf8c5ee6614670a31f4ebe009b5e691a5c1", [:mix], [{:hackney, "~> 1.16", [hex: :hackney, repo: "hexpm", optional: false]}, {:membrane_core, "~> 1.0", [hex: :membrane_core, repo: "hexpm", optional: false]}, {:mockery, "~> 2.3", [hex: :mockery, repo: "hexpm", optional: false]}], "hexpm", "2b28fd1be3c889d5824d7d985598386c7673828c88f49a91221df3626af8a998"},
  "membrane_http_adaptive_stream_plugin": {:hex, :membrane_http_adaptive_stream_plugin, "0.18.6", "d417f54da56f7a704200baf018cc0e6222e4c649672adac21e2b321b66c3a958", [:mix], [{:bunch, "~> 1.6", [hex: :bunch, repo: "hexpm", optional: false]}, {:membrane_aac_plugin, "~> 0.19.0", [hex: :membrane_aac_plugin, repo: "hexpm", optional: false]}, {:membrane_core, "~> 1.0", [hex: :membrane_core, repo: "hexpm", optional: false]}, {:membrane_h26x_plugin, "~> 0.10.0", [hex: :membrane_h26x_plugin, repo: "hexpm", optional: false]}, {:membrane_mp4_plugin, "~> 0.35.0", [hex: :membrane_mp4_plugin, repo: "hexpm", optional: false]}, {:membrane_tee_plugin, "~> 0.12.0", [hex: :membrane_tee_plugin, repo: "hexpm", optional: false]}, {:qex, "~> 0.5", [hex: :qex, repo: "hexpm", optional: false]}], "hexpm", "7ca36002d0d74254537afb7aae31541d57a36b33c1abe114e6dd56cf7566bcb2"},
  "membrane_mp4_format": {:hex, :membrane_mp4_format, "0.8.0", "8c6e7d68829228117d333b4fbb030e7be829aab49dd8cb047fdc664db1812e6a", [:mix], [], "hexpm", "148dea678a1f82ccfd44dbde6f936d2f21255f496cb45a22cc6eec427f025522"},
  "membrane_mp4_plugin": {:hex, :membrane_mp4_plugin, "0.35.2", "cbedb5272ef1c8f7d9cd3c44f820a90306469b1dc84b8db30ff55bb6195b7cb2", [:mix], [{:bunch, "~> 1.5", [hex: :bunch, repo: "hexpm", optional: false]}, {:membrane_aac_format, "~> 0.8.0", [hex: :membrane_aac_format, repo: "hexpm", optional: false]}, {:membrane_cmaf_format, "~> 0.7.0", [hex: :membrane_cmaf_format, repo: "hexpm", optional: false]}, {:membrane_core, "~> 1.0", [hex: :membrane_core, repo: "hexpm", optional: false]}, {:membrane_file_plugin, "~> 0.17.0", [hex: :membrane_file_plugin, repo: "hexpm", optional: false]}, {:membrane_h264_format, "~> 0.6.1", [hex: :membrane_h264_format, repo: "hexpm", optional: false]}, {:membrane_h265_format, "~> 0.2.0", [hex: :membrane_h265_format, repo: "hexpm", optional: false]}, {:membrane_mp4_format, "~> 0.8.0", [hex: :membrane_mp4_format, repo: "hexpm", optional: false]}, {:membrane_opus_format, "~> 0.3.0", [hex: :membrane_opus_format, repo: "hexpm", optional: false]}, {:membrane_timestamp_queue, "~> 0.2.1", [hex: :membrane_timestamp_queue, repo: "hexpm", optional: false]}], "hexpm", "8afd4e7779a742dd56c23f1f23053933d1b0b34d397ad368a2f56f995edb2fe0"},
  "membrane_opus_format": {:hex, :membrane_opus_format, "0.3.0", "3804d9916058b7cfa2baa0131a644d8186198d64f52d592ae09e0942513cb4c2", [:mix], [], "hexpm", "8fc89c97be50de23ded15f2050fe603dcce732566fe6fdd15a2de01cb6b81afe"},
  "membrane_opus_plugin": {:hex, :membrane_opus_plugin, "0.20.4", "0b018ab0cdd02e6fd1f27590a7382a81c0e2849212add0d76b2465385a7cfea7", [:mix], [{:bunch, "~> 1.3", [hex: :bunch, repo: "hexpm", optional: false]}, {:bundlex, "~> 1.2", [hex: :bundlex, repo: "hexpm", optional: false]}, {:membrane_common_c, "~> 0.16.0", [hex: :membrane_common_c, repo: "hexpm", optional: false]}, {:membrane_core, "~> 1.0", [hex: :membrane_core, repo: "hexpm", optional: false]}, {:membrane_opus_format, "~> 0.3.0", [hex: :membrane_opus_format, repo: "hexpm", optional: false]}, {:membrane_precompiled_dependency_provider, "~> 0.1.0", [hex: :membrane_precompiled_dependency_provider, repo: "hexpm", optional: false]}, {:membrane_raw_audio_format, "~> 0.12.0", [hex: :membrane_raw_audio_format, repo: "hexpm", optional: false]}, {:unifex, "~> 1.0", [hex: :unifex, repo: "hexpm", optional: false]}], "hexpm", "a3c81fc2648887b601448f6dcaf195063a30585d7f0d3190dff2c5316d759af8"},
  "membrane_precompiled_dependency_provider": {:hex, :membrane_precompiled_dependency_provider, "0.1.2", "8af73b7dc15ba55c9f5fbfc0453d4a8edfb007ade54b56c37d626be0d1189aba", [:mix], [{:bundlex, "~> 1.4", [hex: :bundlex, repo: "hexpm", optional: false]}], "hexpm", "7fe3e07361510445a29bee95336adde667c4162b76b7f4c8af3aeb3415292023"},
  "membrane_raw_audio_format": {:hex, :membrane_raw_audio_format, "0.12.0", "b574cd90f69ce2a8b6201b0ccf0826ca28b0fbc8245b8078d9f11cef65f7d5d5", [:mix], [{:bimap, "~> 1.1", [hex: :bimap, repo: "hexpm", optional: false]}, {:bunch, "~> 1.0", [hex: :bunch, repo: "hexpm", optional: false]}, {:membrane_core, "~> 1.0", [hex: :membrane_core, repo: "hexpm", optional: false]}], "hexpm", "6e6c98e3622a2b9df19eab50ba65d7eb45949b1ba306fa8423df6cdb12fd0b44"},
  "membrane_raw_video_format": {:hex, :membrane_raw_video_format, "0.4.1", "d7344499c2d80f236a7ef962b5490c651341a501052ee43dec56cf0319fa3936", [:mix], [], "hexpm", "9920b7d445b5357608a364fec5685acdfce85334c647f745045237a0d296c442"},
  "membrane_realtimer_plugin": {:hex, :membrane_realtimer_plugin, "0.9.0", "27210d5e32a5e8bfd101c41e4d8c1876e873a52cc129ebfbee4d0ccbea1cbd21", [:mix], [{:membrane_core, "~> 1.0", [hex: :membrane_core, repo: "hexpm", optional: false]}], "hexpm", "b2e96d62135ee57ef9a5fdea94b3a9ab1198e5ea8ee248391b89c671125d1b51"},
  "membrane_rtmp_plugin": {:hex, :membrane_rtmp_plugin, "0.27.3", "2ca6705668e207a2af1dfd459ec94cebf43bd40338b1b176af1b7ecfb7f5017e", [:mix], [{:membrane_aac_plugin, "~> 0.19.0", [hex: :membrane_aac_plugin, repo: "hexpm", optional: false]}, {:membrane_core, "~> 1.0", [hex: :membrane_core, repo: "hexpm", optional: false]}, {:membrane_file_plugin, "~> 0.17.0", [hex: :membrane_file_plugin, repo: "hexpm", optional: false]}, {:membrane_flv_plugin, "~> 0.12.0", [hex: :membrane_flv_plugin, repo: "hexpm", optional: false]}, {:membrane_funnel_plugin, "~> 0.9.0", [hex: :membrane_funnel_plugin, repo: "hexpm", optional: false]}, {:membrane_h264_format, "~> 0.6.1", [hex: :membrane_h264_format, repo: "hexpm", optional: false]}, {:membrane_h26x_plugin, "~> 0.10.0", [hex: :membrane_h26x_plugin, repo: "hexpm", optional: false]}, {:membrane_precompiled_dependency_provider, "~> 0.1.0", [hex: :membrane_precompiled_dependency_provider, repo: "hexpm", optional: false]}, {:unifex, "~> 1.2", [hex: :unifex, repo: "hexpm", optional: false]}], "hexpm", "e3b3a858cee514aae1cd78b5c85a24b68edb15183e7aa909180c0ce7fb92ab10"},
  "membrane_rtp_aac_plugin": {:hex, :membrane_rtp_aac_plugin, "0.9.2", "9379fcb3ede64ab6a4431d486879c90ce9e72c494c580f37dbfc580441f498f3", [:mix], [{:membrane_aac_format, "~> 0.8.0", [hex: :membrane_aac_format, repo: "hexpm", optional: false]}, {:membrane_core, "~> 1.0", [hex: :membrane_core, repo: "hexpm", optional: false]}, {:membrane_rtp_format, "~> 0.8.0", [hex: :membrane_rtp_format, repo: "hexpm", optional: false]}], "hexpm", "1460569a3533bf70a49bd2513386c57fcc32861e531a06b51b6d77440fecb9c0"},
  "membrane_rtp_format": {:git, "https://github.com/membraneframework/membrane_rtp_format.git", "77b1bfce8709364c964eb048ca0bad21b383dd91", [branch: "resolve-function"]},
  "membrane_rtp_h264_plugin": {:hex, :membrane_rtp_h264_plugin, "0.19.4", "77376d97681c9033a7c668aabd87b674bae277055b9ade8556035ca2272a29bb", [:mix], [{:bunch, "~> 1.5", [hex: :bunch, repo: "hexpm", optional: false]}, {:membrane_core, "~> 1.0", [hex: :membrane_core, repo: "hexpm", optional: false]}, {:membrane_h264_format, "~> 0.6.0", [hex: :membrane_h264_format, repo: "hexpm", optional: false]}, {:membrane_rtp_format, "~> 0.8.0", [hex: :membrane_rtp_format, repo: "hexpm", optional: false]}], "hexpm", "0856e685bcad1706052dda943f045ce8843e0eebe5c1898f7aa3c4d28c24f220"},
  "membrane_rtp_h265_plugin": {:hex, :membrane_rtp_h265_plugin, "0.5.1", "1e72309e340eaae5fce04f47b7b563accd563ab10bac139596626f0f0b4c72af", [:mix], [{:membrane_core, "~> 1.0", [hex: :membrane_core, repo: "hexpm", optional: false]}, {:membrane_h265_format, "~> 0.2.0", [hex: :membrane_h265_format, repo: "hexpm", optional: false]}, {:membrane_rtp_format, "~> 0.8.0", [hex: :membrane_rtp_format, repo: "hexpm", optional: false]}], "hexpm", "283d4b1b0271719f300b3bad4e05bef4db1cf3190f87291785e3f973106a1476"},
  "membrane_rtp_opus_plugin": {:hex, :membrane_rtp_opus_plugin, "0.9.0", "ae76421faa04697a4af76a55b6c5e675dea61b611d29d8201098783d42863af7", [:mix], [{:membrane_core, "~> 1.0", [hex: :membrane_core, repo: "hexpm", optional: false]}, {:membrane_opus_format, "~> 0.3.0", [hex: :membrane_opus_format, repo: "hexpm", optional: false]}, {:membrane_rtp_format, "~> 0.8.0", [hex: :membrane_rtp_format, repo: "hexpm", optional: false]}], "hexpm", "58f095d2978daf999d87c1c016007cb7d99434208486331ab5045e77f5be9dcc"},
  "membrane_rtp_plugin": {:git, "https://github.com/membraneframework/membrane_rtp_plugin.git", "f65fee7c51843c89e718070579ad35e952ba6da5", [branch: "rtp-demuxer"]},
  "membrane_rtp_vp8_plugin": {:hex, :membrane_rtp_vp8_plugin, "0.9.2", "9d57ecb2214915d7efc20752d138c5e48a738ec28b566e0df92aa6aa813e0937", [:mix], [{:membrane_core, "~> 1.0", [hex: :membrane_core, repo: "hexpm", optional: false]}, {:membrane_rtp_format, "~> 0.8.0", [hex: :membrane_rtp_format, repo: "hexpm", optional: false]}, {:membrane_vp8_format, "~> 0.4.0 or ~> 0.5.0", [hex: :membrane_vp8_format, repo: "hexpm", optional: false]}], "hexpm", "e3290b74d0fa1365827d05a4b58a17d465dda01f18f6499cbc171561e8375749"},
  "membrane_rtsp": {:hex, :membrane_rtsp, "0.10.1", "c6cb8549daab155175896f677b049a0f65c3a650e93e603714ec94a836148722", [:mix], [{:bunch, "~> 1.6", [hex: :bunch, repo: "hexpm", optional: false]}, {:ex_sdp, "~> 0.17.0 or ~> 1.0", [hex: :ex_sdp, repo: "hexpm", optional: false]}, {:mockery, "~> 2.3", [hex: :mockery, repo: "hexpm", optional: false]}, {:nimble_parsec, "~> 1.4.0", [hex: :nimble_parsec, repo: "hexpm", optional: false]}], "hexpm", "ff382b38c09150ff43c7ec7a2a62df41b2bab42793633dcc40ef9b6e51ac70b9"},
  "membrane_rtsp_plugin": {:hex, :membrane_rtsp_plugin, "0.5.0", "a0d7092ed0ebe0184eb1c0332472c400de4d44e396dae1a7184d7b041bd7cbac", [:mix], [{:ex_sdp, "~> 1.1", [hex: :ex_sdp, repo: "hexpm", optional: false]}, {:membrane_aac_plugin, "~> 0.19.0", [hex: :membrane_aac_plugin, repo: "hexpm", optional: false]}, {:membrane_core, "~> 1.1", [hex: :membrane_core, repo: "hexpm", optional: false]}, {:membrane_h26x_plugin, "~> 0.10.0", [hex: :membrane_h26x_plugin, repo: "hexpm", optional: false]}, {:membrane_rtp_aac_plugin, "~> 0.9.1", [hex: :membrane_rtp_aac_plugin, repo: "hexpm", optional: false]}, {:membrane_rtp_h264_plugin, "~> 0.19.0", [hex: :membrane_rtp_h264_plugin, repo: "hexpm", optional: false]}, {:membrane_rtp_h265_plugin, "~> 0.5.1", [hex: :membrane_rtp_h265_plugin, repo: "hexpm", optional: false]}, {:membrane_rtp_opus_plugin, "~> 0.9.0", [hex: :membrane_rtp_opus_plugin, repo: "hexpm", optional: false]}, {:membrane_rtp_plugin, "~> 0.29.0", [hex: :membrane_rtp_plugin, repo: "hexpm", optional: false]}, {:membrane_rtsp, "~> 0.10.0", [hex: :membrane_rtsp, repo: "hexpm", optional: false]}, {:membrane_tcp_plugin, "~> 0.6.0", [hex: :membrane_tcp_plugin, repo: "hexpm", optional: false]}, {:membrane_udp_plugin, "~> 0.14.0", [hex: :membrane_udp_plugin, repo: "hexpm", optional: false]}], "hexpm", "bb53651e6cc0d63859cc09df5f21192d0a11a8476952e0e962db66966e21479c"},
  "membrane_simple_rtsp_server": {:hex, :membrane_simple_rtsp_server, "0.1.1", "06a130b9fb20d6ca3b9c07542fa77bd10c804a9801117441e9fdf1318c7533ab", [:mix], [{:ex_sdp, "~> 1.1", [hex: :ex_sdp, repo: "hexpm", optional: false]}, {:membrane_aac_plugin, "~> 0.19.0", [hex: :membrane_aac_plugin, repo: "hexpm", optional: false]}, {:membrane_core, "~> 1.0", [hex: :membrane_core, repo: "hexpm", optional: false]}, {:membrane_file_plugin, "~> 0.17.0", [hex: :membrane_file_plugin, repo: "hexpm", optional: false]}, {:membrane_h26x_plugin, "~> 0.10.0", [hex: :membrane_h26x_plugin, repo: "hexpm", optional: false]}, {:membrane_mp4_plugin, "~> 0.35.0", [hex: :membrane_mp4_plugin, repo: "hexpm", optional: false]}, {:membrane_realtimer_plugin, "~> 0.9.0", [hex: :membrane_realtimer_plugin, repo: "hexpm", optional: false]}, {:membrane_rtp_aac_plugin, "~> 0.9.0", [hex: :membrane_rtp_aac_plugin, repo: "hexpm", optional: false]}, {:membrane_rtp_h264_plugin, "~> 0.19.0", [hex: :membrane_rtp_h264_plugin, repo: "hexpm", optional: false]}, {:membrane_rtp_plugin, "~> 0.29.0", [hex: :membrane_rtp_plugin, repo: "hexpm", optional: false]}, {:membrane_rtsp_plugin, "~> 0.5.0", [hex: :membrane_rtsp_plugin, repo: "hexpm", optional: false]}, {:membrane_udp_plugin, "~> 0.14.0", [hex: :membrane_udp_plugin, repo: "hexpm", optional: false]}], "hexpm", "6cdd07919914f0a86c3110585ea5f6a9b88a0283faad7cdf7e29faa5c4834104"},
  "membrane_tcp_plugin": {:hex, :membrane_tcp_plugin, "0.6.0", "1f8dba5525504fb2d49070932f24113d1b26c7e5429c700671ed80433ac83f2f", [:mix], [{:membrane_core, "~> 1.0", [hex: :membrane_core, repo: "hexpm", optional: false]}, {:mockery, "~> 2.3.0", [hex: :mockery, repo: "hexpm", optional: false]}], "hexpm", "820440f5a8181a96cff461ad2d5ed426d47eacfdd7764dd9596dad68ad892d3d"},
  "membrane_tee_plugin": {:hex, :membrane_tee_plugin, "0.12.0", "f94989b4080ef4b7937d74c1a14d3379577c7bd4c6d06e5a2bb41c351ad604d4", [:mix], [{:bunch, "~> 1.0", [hex: :bunch, repo: "hexpm", optional: false]}, {:membrane_core, "~> 1.0", [hex: :membrane_core, repo: "hexpm", optional: false]}], "hexpm", "0d61c9ed5e68e5a75d54200e1c6df5739c0bcb52fee0974183ad72446a179887"},
  "membrane_telemetry_metrics": {:hex, :membrane_telemetry_metrics, "0.1.1", "57917e72012f9ebe124eab54f29ca74c9d9eb3ae2207f55c95618ee51280eb4f", [:mix], [{:telemetry, "~> 1.0", [hex: :telemetry, repo: "hexpm", optional: false]}, {:telemetry_metrics, "~> 0.6.1 or ~> 1.0", [hex: :telemetry_metrics, repo: "hexpm", optional: false]}], "hexpm", "69392966e6bd51937244758c2b3d835c5ff47d8953d25431a9d37059737afc11"},
  "membrane_timestamp_queue": {:hex, :membrane_timestamp_queue, "0.2.2", "1c831b2273d018a6548654aa9f7fa7c4b683f71d96ffe164934ef55f9d11f693", [:mix], [{:heap, "~> 2.0", [hex: :heap, repo: "hexpm", optional: false]}, {:membrane_core, "~> 1.0", [hex: :membrane_core, repo: "hexpm", optional: false]}], "hexpm", "7c830e760baaced0988421671cd2c83c7cda8d1bd2b61fd05332711675d1204f"},
  "membrane_udp_plugin": {:hex, :membrane_udp_plugin, "0.14.0", "d533ee5f6fcdd0551ad690045cdb6c1a76307a155d9255cc4a4606f85774bc37", [:mix], [{:membrane_core, "~> 1.0", [hex: :membrane_core, repo: "hexpm", optional: false]}, {:mockery, "~> 2.3.0", [hex: :mockery, repo: "hexpm", optional: false]}], "hexpm", "902d1a7aa228ec377482d53a605b100e20e0b6e59196f94f94147bb62b23c47e"},
  "membrane_vp8_format": {:hex, :membrane_vp8_format, "0.5.0", "a589c20bb9d97ddc9b717684d00cefc84e2500ce63a0c33c4b9618d9b2f9b2ea", [:mix], [], "hexpm", "d29e0dae4bebc6838e82e031c181fe626d168c687e4bc617c1d0772bdeed19d5"},
  "membrane_vp9_format": {:hex, :membrane_vp9_format, "0.5.0", "c6a4f2cbfc39dba5d80ad8287162c52b5cf6488676bd64435c1ac957bd16e66f", [:mix], [], "hexpm", "68752d8cbe7270ec222fc84a7d1553499f0d8ff86ef9d9e89f8955d49e20278e"},
  "membrane_vpx_plugin": {:hex, :membrane_vpx_plugin, "0.2.0", "d1d3d5edfea8835fc3735a2435bece2fa483243a7f1019d0303d108ab2560b8d", [:mix], [{:membrane_core, "~> 1.0", [hex: :membrane_core, repo: "hexpm", optional: false]}, {:membrane_precompiled_dependency_provider, "~> 0.1.0", [hex: :membrane_precompiled_dependency_provider, repo: "hexpm", optional: false]}, {:membrane_raw_video_format, "~> 0.4.0", [hex: :membrane_raw_video_format, repo: "hexpm", optional: false]}, {:membrane_vp8_format, "~> 0.5.0", [hex: :membrane_vp8_format, repo: "hexpm", optional: false]}, {:membrane_vp9_format, "~> 0.5.0", [hex: :membrane_vp9_format, repo: "hexpm", optional: false]}, {:unifex, "~> 1.2", [hex: :unifex, repo: "hexpm", optional: false]}], "hexpm", "d3e4c8e1ac8301ed3d9fcad96984fea95c7ecb8b3b5030b600a19a85608b6226"},
  "membrane_webrtc_plugin": {:hex, :membrane_webrtc_plugin, "0.23.0", "84a49cd9c21c7f29bc225ae08ee8c5ff3fb5d895bedfea4ddc68266fa05f5178", [:mix], [{:bandit, "~> 1.2", [hex: :bandit, repo: "hexpm", optional: false]}, {:corsica, "~> 2.0", [hex: :corsica, repo: "hexpm", optional: false]}, {:ex_webrtc, "~> 0.4.0", [hex: :ex_webrtc, repo: "hexpm", optional: false]}, {:membrane_core, "~> 1.1", [hex: :membrane_core, repo: "hexpm", optional: false]}, {:membrane_rtp_h264_plugin, "~> 0.19.0", [hex: :membrane_rtp_h264_plugin, repo: "hexpm", optional: false]}, {:membrane_rtp_opus_plugin, "~> 0.9.0", [hex: :membrane_rtp_opus_plugin, repo: "hexpm", optional: false]}, {:membrane_rtp_plugin, "~> 0.29.0", [hex: :membrane_rtp_plugin, repo: "hexpm", optional: false]}, {:membrane_rtp_vp8_plugin, "~> 0.9.1", [hex: :membrane_rtp_vp8_plugin, repo: "hexpm", optional: false]}, {:membrane_timestamp_queue, "~> 0.2.0", [hex: :membrane_timestamp_queue, repo: "hexpm", optional: false]}, {:req, "~> 0.5", [hex: :req, repo: "hexpm", optional: false]}, {:websock_adapter, "~> 0.5.0", [hex: :websock_adapter, repo: "hexpm", optional: false]}], "hexpm", "3af704a29dba0a67255af5c7cfc313f65e50adb083a42b430f25d9fddeb8fb0e"},
  "metrics": {:hex, :metrics, "1.0.1", "25f094dea2cda98213cecc3aeff09e940299d950904393b2a29d191c346a8486", [:rebar3], [], "hexpm", "69b09adddc4f74a40716ae54d140f93beb0fb8978d8636eaded0c31b6f099f16"},
  "mime": {:hex, :mime, "2.0.6", "8f18486773d9b15f95f4f4f1e39b710045fa1de891fada4516559967276e4dc2", [:mix], [], "hexpm", "c9945363a6b26d747389aac3643f8e0e09d30499a138ad64fe8fd1d13d9b153e"},
  "mimerl": {:hex, :mimerl, "1.3.0", "d0cd9fc04b9061f82490f6581e0128379830e78535e017f7780f37fea7545726", [:rebar3], [], "hexpm", "a1e15a50d1887217de95f0b9b0793e32853f7c258a5cd227650889b38839fe9d"},
  "mint": {:hex, :mint, "1.6.2", "af6d97a4051eee4f05b5500671d47c3a67dac7386045d87a904126fd4bbcea2e", [:mix], [{:castore, "~> 0.1.0 or ~> 1.0", [hex: :castore, repo: "hexpm", optional: true]}, {:hpax, "~> 0.1.1 or ~> 0.2.0 or ~> 1.0", [hex: :hpax, repo: "hexpm", optional: false]}], "hexpm", "5ee441dffc1892f1ae59127f74afe8fd82fda6587794278d924e4d90ea3d63f9"},
  "mockery": {:hex, :mockery, "2.3.3", "3dba87bd0422a513e6af6e0d811383f38f82ac6be5d3d285a5fcca9c299bd0ac", [:mix], [], "hexpm", "17282be00613286254298117cd25e607a39f15ac03b41c631f60e52f5b5ec974"},
  "nimble_options": {:hex, :nimble_options, "1.1.1", "e3a492d54d85fc3fd7c5baf411d9d2852922f66e69476317787a7b2bb000a61b", [:mix], [], "hexpm", "821b2470ca9442c4b6984882fe9bb0389371b8ddec4d45a9504f00a66f650b44"},
  "nimble_parsec": {:hex, :nimble_parsec, "1.4.0", "51f9b613ea62cfa97b25ccc2c1b4216e81df970acd8e16e8d1bdc58fef21370d", [:mix], [], "hexpm", "9c565862810fb383e9838c1dd2d7d2c437b3d13b267414ba6af33e50d2d1cf28"},
  "nimble_pool": {:hex, :nimble_pool, "1.1.0", "bf9c29fbdcba3564a8b800d1eeb5a3c58f36e1e11d7b7fb2e084a643f645f06b", [:mix], [], "hexpm", "af2e4e6b34197db81f7aad230c1118eac993acc0dae6bc83bac0126d4ae0813a"},
  "numbers": {:hex, :numbers, "5.2.4", "f123d5bb7f6acc366f8f445e10a32bd403c8469bdbce8ce049e1f0972b607080", [:mix], [{:coerce, "~> 1.0", [hex: :coerce, repo: "hexpm", optional: false]}, {:decimal, "~> 1.9 or ~> 2.0", [hex: :decimal, repo: "hexpm", optional: true]}], "hexpm", "eeccf5c61d5f4922198395bf87a465b6f980b8b862dd22d28198c5e6fab38582"},
  "parse_trans": {:hex, :parse_trans, "3.4.1", "6e6aa8167cb44cc8f39441d05193be6e6f4e7c2946cb2759f015f8c56b76e5ff", [:rebar3], [], "hexpm", "620a406ce75dada827b82e453c19cf06776be266f5a67cff34e1ef2cbb60e49a"},
  "phoenix_html": {:hex, :phoenix_html, "4.1.1", "4c064fd3873d12ebb1388425a8f2a19348cef56e7289e1998e2d2fa758aa982e", [:mix], [], "hexpm", "f2f2df5a72bc9a2f510b21497fd7d2b86d932ec0598f0210fed4114adc546c6f"},
  "plug": {:hex, :plug, "1.16.1", "40c74619c12f82736d2214557dedec2e9762029b2438d6d175c5074c933edc9d", [:mix], [{:mime, "~> 1.0 or ~> 2.0", [hex: :mime, repo: "hexpm", optional: false]}, {:plug_crypto, "~> 1.1.1 or ~> 1.2 or ~> 2.0", [hex: :plug_crypto, repo: "hexpm", optional: false]}, {:telemetry, "~> 0.4.3 or ~> 1.0", [hex: :telemetry, repo: "hexpm", optional: false]}], "hexpm", "a13ff6b9006b03d7e33874945b2755253841b238c34071ed85b0e86057f8cddc"},
  "plug_crypto": {:hex, :plug_crypto, "2.1.0", "f44309c2b06d249c27c8d3f65cfe08158ade08418cf540fd4f72d4d6863abb7b", [:mix], [], "hexpm", "131216a4b030b8f8ce0f26038bc4421ae60e4bb95c5cf5395e1421437824c4fa"},
  "qex": {:hex, :qex, "0.5.1", "0d82c0f008551d24fffb99d97f8299afcb8ea9cf99582b770bd004ed5af63fd6", [:mix], [], "hexpm", "935a39fdaf2445834b95951456559e9dc2063d0a055742c558a99987b38d6bab"},
  "ratio": {:hex, :ratio, "4.0.1", "3044166f2fc6890aa53d3aef0c336f84b2bebb889dc57d5f95cc540daa1912f8", [:mix], [{:decimal, "~> 1.6 or ~> 2.0", [hex: :decimal, repo: "hexpm", optional: true]}, {:numbers, "~> 5.2.0", [hex: :numbers, repo: "hexpm", optional: false]}], "hexpm", "c60cbb3ccdff9ffa56e7d6d1654b5c70d9f90f4d753ab3a43a6bf40855b881ce"},
  "req": {:hex, :req, "0.5.7", "b722680e03d531a2947282adff474362a48a02aa54b131196fbf7acaff5e4cee", [:mix], [{:brotli, "~> 0.3.1", [hex: :brotli, repo: "hexpm", optional: true]}, {:ezstd, "~> 1.0", [hex: :ezstd, repo: "hexpm", optional: true]}, {:finch, "~> 0.17", [hex: :finch, repo: "hexpm", optional: false]}, {:jason, "~> 1.0", [hex: :jason, repo: "hexpm", optional: false]}, {:mime, "~> 2.0.6 or ~> 2.1", [hex: :mime, repo: "hexpm", optional: false]}, {:nimble_csv, "~> 1.0", [hex: :nimble_csv, repo: "hexpm", optional: true]}, {:plug, "~> 1.0", [hex: :plug, repo: "hexpm", optional: true]}], "hexpm", "c6035374615120a8923e8089d0c21a3496cf9eda2d287b806081b8f323ceee29"},
  "shmex": {:hex, :shmex, "0.5.1", "81dd209093416bf6608e66882cb7e676089307448a1afd4fc906c1f7e5b94cf4", [:mix], [{:bunch_native, "~> 0.5.0", [hex: :bunch_native, repo: "hexpm", optional: false]}, {:bundlex, "~> 1.0", [hex: :bundlex, repo: "hexpm", optional: false]}], "hexpm", "c29f8286891252f64c4e1dac40b217d960f7d58def597c4e606ff8fbe71ceb80"},
  "ssl_verify_fun": {:hex, :ssl_verify_fun, "1.1.7", "354c321cf377240c7b8716899e182ce4890c5938111a1296add3ec74cf1715df", [:make, :mix, :rebar3], [], "hexpm", "fe4c190e8f37401d30167c8c405eda19469f34577987c76dde613e838bbc67f8"},
  "sweet_xml": {:hex, :sweet_xml, "0.7.4", "a8b7e1ce7ecd775c7e8a65d501bc2cd933bff3a9c41ab763f5105688ef485d08", [:mix], [], "hexpm", "e7c4b0bdbf460c928234951def54fe87edf1a170f6896675443279e2dbeba167"},
  "telemetry": {:hex, :telemetry, "1.3.0", "fedebbae410d715cf8e7062c96a1ef32ec22e764197f70cda73d82778d61e7a2", [:rebar3], [], "hexpm", "7015fc8919dbe63764f4b4b87a95b7c0996bd539e0d499be6ec9d7f3875b79e6"},
  "telemetry_metrics": {:hex, :telemetry_metrics, "1.0.0", "29f5f84991ca98b8eb02fc208b2e6de7c95f8bb2294ef244a176675adc7775df", [:mix], [{:telemetry, "~> 0.4 or ~> 1.0", [hex: :telemetry, repo: "hexpm", optional: false]}], "hexpm", "f23713b3847286a534e005126d4c959ebcca68ae9582118ce436b521d1d47d5d"},
  "thousand_island": {:hex, :thousand_island, "1.3.6", "835a626a8a6f6a1e681b63e1132a8427e87ce443aaf4888fbf63b2df77539b97", [:mix], [{:telemetry, "~> 0.4 or ~> 1.0", [hex: :telemetry, repo: "hexpm", optional: false]}], "hexpm", "0ed8798084c8c49a223840b20598b022e4eb8c9f390fb6701864c307fc9aa2cd"},
  "typed_struct": {:hex, :typed_struct, "0.3.0", "939789e3c1dca39d7170c87f729127469d1315dcf99fee8e152bb774b17e7ff7", [:mix], [], "hexpm", "c50bd5c3a61fe4e198a8504f939be3d3c85903b382bde4865579bc23111d1b6d"},
  "unicode_util_compat": {:hex, :unicode_util_compat, "0.7.0", "bc84380c9ab48177092f43ac89e4dfa2c6d62b40b8bd132b1059ecc7232f9a78", [:rebar3], [], "hexpm", "25eee6d67df61960cf6a794239566599b09e17e668d3700247bc498638152521"},
  "unifex": {:hex, :unifex, "1.2.1", "6841c170a6e16509fac30b19e4e0a19937c33155a59088b50c15fc2c36251b6b", [:mix], [{:bunch, "~> 1.0", [hex: :bunch, repo: "hexpm", optional: false]}, {:bundlex, "~> 1.4", [hex: :bundlex, repo: "hexpm", optional: false]}, {:shmex, "~> 0.5.0", [hex: :shmex, repo: "hexpm", optional: false]}], "hexpm", "8c9d2e3c48df031e9995dd16865bab3df402c0295ba3a31f38274bb5314c7d37"},
  "vix": {:hex, :vix, "0.31.1", "2b1d379393060ee8e4e1f1c9a621811c4091d8f063221c1ff24a41a4f0c97edc", [:make, :mix], [{:castore, "~> 0.1 or ~> 1.0", [hex: :castore, repo: "hexpm", optional: false]}, {:cc_precompiler, "~> 0.1.4 or ~> 0.2", [hex: :cc_precompiler, repo: "hexpm", optional: false]}, {:elixir_make, "~> 0.7.3 or ~> 0.8", [hex: :elixir_make, repo: "hexpm", optional: false]}, {:kino, "~> 0.7", [hex: :kino, repo: "hexpm", optional: true]}], "hexpm", "766856b52bec222cb5fd301f645a7a9869b61e0ec6e87dc0789ae9657356a8ea"},
  "websock": {:hex, :websock, "0.5.3", "2f69a6ebe810328555b6fe5c831a851f485e303a7c8ce6c5f675abeb20ebdadc", [:mix], [], "hexpm", "6105453d7fac22c712ad66fab1d45abdf049868f253cf719b625151460b8b453"},
  "websock_adapter": {:hex, :websock_adapter, "0.5.8", "3b97dc94e407e2d1fc666b2fb9acf6be81a1798a2602294aac000260a7c4a47d", [:mix], [{:bandit, ">= 0.6.0", [hex: :bandit, repo: "hexpm", optional: true]}, {:plug, "~> 1.14", [hex: :plug, repo: "hexpm", optional: false]}, {:plug_cowboy, "~> 2.6", [hex: :plug_cowboy, repo: "hexpm", optional: true]}, {:websock, "~> 0.5", [hex: :websock, repo: "hexpm", optional: false]}], "hexpm", "315b9a1865552212b5f35140ad194e67ce31af45bcee443d4ecb96b5fd3f3782"},
  "zarex": {:hex, :zarex, "1.0.5", "58239e3ee5d75f343262bb4df5cf466555a1c689f920e5d3651a9333972f7c7e", [:mix], [], "hexpm", "9fb72ef0567c2b2742f5119a1ba8a24a2fabb21b8d09820aefbf3e592fa9a46a"},
}
